// !$*UTF8*$!
{
	archiveVersion = 1;
	classes = {
	};
	objectVersion = 46;
	objects = {

/* Begin PBXBuildFile section */
		6368A1E61AA548A000865B45 /* main.swift in Sources */ = {isa = PBXBuildFile; fileRef = 6368A1E51AA548A000865B45 /* main.swift */; };
		6368A1ED1AA5495F00865B45 /* Complex.swift in Sources */ = {isa = PBXBuildFile; fileRef = 6368A1EC1AA5495F00865B45 /* Complex.swift */; };
		6368A1F01AA54A2C00865B45 /* Bitmap.swift in Sources */ = {isa = PBXBuildFile; fileRef = 6368A1EE1AA54A2C00865B45 /* Bitmap.swift */; };
		6368A1F11AA54A2C00865B45 /* GCDThreading.swift in Sources */ = {isa = PBXBuildFile; fileRef = 6368A1EF1AA54A2C00865B45 /* GCDThreading.swift */; };
/* End PBXBuildFile section */

/* Begin PBXCopyFilesBuildPhase section */
		6368A1E01AA548A000865B45 /* CopyFiles */ = {
			isa = PBXCopyFilesBuildPhase;
			buildActionMask = 2147483647;
			dstPath = /usr/share/man/man1/;
			dstSubfolderSpec = 0;
			files = (
			);
			runOnlyForDeploymentPostprocessing = 1;
		};
/* End PBXCopyFilesBuildPhase section */

/* Begin PBXFileReference section */
		6368A1E21AA548A000865B45 /* SwiftOrbitals */ = {isa = PBXFileReference; explicitFileType = "compiled.mach-o.executable"; includeInIndex = 0; path = SwiftOrbitals; sourceTree = BUILT_PRODUCTS_DIR; };
		6368A1E51AA548A000865B45 /* main.swift */ = {isa = PBXFileReference; lastKnownFileType = sourcecode.swift; path = main.swift; sourceTree = "<group>"; };
		6368A1EC1AA5495F00865B45 /* Complex.swift */ = {isa = PBXFileReference; fileEncoding = 4; lastKnownFileType = sourcecode.swift; path = Complex.swift; sourceTree = "<group>"; };
		6368A1EE1AA54A2C00865B45 /* Bitmap.swift */ = {isa = PBXFileReference; fileEncoding = 4; lastKnownFileType = sourcecode.swift; path = Bitmap.swift; sourceTree = "<group>"; };
		6368A1EF1AA54A2C00865B45 /* GCDThreading.swift */ = {isa = PBXFileReference; fileEncoding = 4; lastKnownFileType = sourcecode.swift; path = GCDThreading.swift; sourceTree = "<group>"; };
/* End PBXFileReference section */

/* Begin PBXFrameworksBuildPhase section */
		6368A1DF1AA548A000865B45 /* Frameworks */ = {
			isa = PBXFrameworksBuildPhase;
			buildActionMask = 2147483647;
			files = (
			);
			runOnlyForDeploymentPostprocessing = 0;
		};
/* End PBXFrameworksBuildPhase section */

/* Begin PBXGroup section */
		6368A1D91AA548A000865B45 = {
			isa = PBXGroup;
			children = (
				6368A1E41AA548A000865B45 /* SwiftOrbitals */,
				6368A1E31AA548A000865B45 /* Products */,
			);
			sourceTree = "<group>";
		};
		6368A1E31AA548A000865B45 /* Products */ = {
			isa = PBXGroup;
			children = (
				6368A1E21AA548A000865B45 /* SwiftOrbitals */,
			);
			name = Products;
			sourceTree = "<group>";
		};
		6368A1E41AA548A000865B45 /* SwiftOrbitals */ = {
			isa = PBXGroup;
			children = (
				6368A1E51AA548A000865B45 /* main.swift */,
				6368A1EC1AA5495F00865B45 /* Complex.swift */,
				6368A1EE1AA54A2C00865B45 /* Bitmap.swift */,
				6368A1EF1AA54A2C00865B45 /* GCDThreading.swift */,
			);
			path = SwiftOrbitals;
			sourceTree = "<group>";
		};
/* End PBXGroup section */

/* Begin PBXNativeTarget section */
		6368A1E11AA548A000865B45 /* SwiftOrbitals */ = {
			isa = PBXNativeTarget;
			buildConfigurationList = 6368A1E91AA548A000865B45 /* Build configuration list for PBXNativeTarget "SwiftOrbitals" */;
			buildPhases = (
				6368A1DE1AA548A000865B45 /* Sources */,
				6368A1DF1AA548A000865B45 /* Frameworks */,
				6368A1E01AA548A000865B45 /* CopyFiles */,
			);
			buildRules = (
			);
			dependencies = (
			);
			name = SwiftOrbitals;
			productName = SwiftOrbitals;
			productReference = 6368A1E21AA548A000865B45 /* SwiftOrbitals */;
			productType = "com.apple.product-type.tool";
		};
/* End PBXNativeTarget section */

/* Begin PBXProject section */
		6368A1DA1AA548A000865B45 /* Project object */ = {
			isa = PBXProject;
			attributes = {
				LastUpgradeCheck = 0630;
				ORGANIZATIONNAME = "David Steuber";
				TargetAttributes = {
					6368A1E11AA548A000865B45 = {
						CreatedOnToolsVersion = 6.3;
					};
				};
			};
			buildConfigurationList = 6368A1DD1AA548A000865B45 /* Build configuration list for PBXProject "SwiftOrbitals" */;
			compatibilityVersion = "Xcode 3.2";
			developmentRegion = English;
			hasScannedForEncodings = 0;
			knownRegions = (
				en,
			);
			mainGroup = 6368A1D91AA548A000865B45;
			productRefGroup = 6368A1E31AA548A000865B45 /* Products */;
			projectDirPath = "";
			projectRoot = "";
			targets = (
				6368A1E11AA548A000865B45 /* SwiftOrbitals */,
			);
		};
/* End PBXProject section */

/* Begin PBXSourcesBuildPhase section */
		6368A1DE1AA548A000865B45 /* Sources */ = {
			isa = PBXSourcesBuildPhase;
			buildActionMask = 2147483647;
			files = (
				6368A1ED1AA5495F00865B45 /* Complex.swift in Sources */,
				6368A1F11AA54A2C00865B45 /* GCDThreading.swift in Sources */,
				6368A1F01AA54A2C00865B45 /* Bitmap.swift in Sources */,
				6368A1E61AA548A000865B45 /* main.swift in Sources */,
			);
			runOnlyForDeploymentPostprocessing = 0;
		};
/* End PBXSourcesBuildPhase section */

/* Begin XCBuildConfiguration section */
		6368A1E71AA548A000865B45 /* Debug */ = {
			isa = XCBuildConfiguration;
			buildSettings = {
				ALWAYS_SEARCH_USER_PATHS = NO;
				CLANG_CXX_LANGUAGE_STANDARD = "gnu++0x";
				CLANG_CXX_LIBRARY = "libc++";
				CLANG_ENABLE_MODULES = YES;
				CLANG_ENABLE_OBJC_ARC = YES;
				CLANG_WARN_BOOL_CONVERSION = YES;
				CLANG_WARN_CONSTANT_CONVERSION = YES;
				CLANG_WARN_DIRECT_OBJC_ISA_USAGE = YES_ERROR;
				CLANG_WARN_EMPTY_BODY = YES;
				CLANG_WARN_ENUM_CONVERSION = YES;
				CLANG_WARN_INT_CONVERSION = YES;
				CLANG_WARN_OBJC_ROOT_CLASS = YES_ERROR;
				CLANG_WARN_UNREACHABLE_CODE = YES;
				CLANG_WARN__DUPLICATE_METHOD_MATCH = YES;
				COPY_PHASE_STRIP = NO;
				DEBUG_INFORMATION_FORMAT = dwarf;
				ENABLE_STRICT_OBJC_MSGSEND = YES;
				GCC_C_LANGUAGE_STANDARD = gnu99;
				GCC_DYNAMIC_NO_PIC = NO;
				GCC_NO_COMMON_BLOCKS = YES;
				GCC_OPTIMIZATION_LEVEL = 0;
				GCC_PREPROCESSOR_DEFINITIONS = (
					"DEBUG=1",
					"$(inherited)",
				);
				GCC_SYMBOLS_PRIVATE_EXTERN = NO;
				GCC_WARN_64_TO_32_BIT_CONVERSION = YES;
				GCC_WARN_ABOUT_RETURN_TYPE = YES_ERROR;
				GCC_WARN_UNDECLARED_SELECTOR = YES;
				GCC_WARN_UNINITIALIZED_AUTOS = YES_AGGRESSIVE;
				GCC_WARN_UNUSED_FUNCTION = YES;
				GCC_WARN_UNUSED_VARIABLE = YES;
				MACOSX_DEPLOYMENT_TARGET = 10.10;
				MTL_ENABLE_DEBUG_INFO = YES;
				ONLY_ACTIVE_ARCH = YES;
				SDKROOT = macosx;
				SWIFT_OPTIMIZATION_LEVEL = "-Onone";
			};
			name = Debug;
		};
		6368A1E81AA548A000865B45 /* Release */ = {
			isa = XCBuildConfiguration;
			buildSettings = {
				ALWAYS_SEARCH_USER_PATHS = NO;
				CLANG_CXX_LANGUAGE_STANDARD = "gnu++0x";
				CLANG_CXX_LIBRARY = "libc++";
				CLANG_ENABLE_MODULES = YES;
				CLANG_ENABLE_OBJC_ARC = YES;
				CLANG_WARN_BOOL_CONVERSION = YES;
				CLANG_WARN_CONSTANT_CONVERSION = YES;
				CLANG_WARN_DIRECT_OBJC_ISA_USAGE = YES_ERROR;
				CLANG_WARN_EMPTY_BODY = YES;
				CLANG_WARN_ENUM_CONVERSION = YES;
				CLANG_WARN_INT_CONVERSION = YES;
				CLANG_WARN_OBJC_ROOT_CLASS = YES_ERROR;
				CLANG_WARN_UNREACHABLE_CODE = YES;
				CLANG_WARN__DUPLICATE_METHOD_MATCH = YES;
				COPY_PHASE_STRIP = NO;
				DEBUG_INFORMATION_FORMAT = "dwarf-with-dsym";
				ENABLE_NS_ASSERTIONS = NO;
				ENABLE_STRICT_OBJC_MSGSEND = YES;
				GCC_C_LANGUAGE_STANDARD = gnu99;
				GCC_NO_COMMON_BLOCKS = YES;
				GCC_WARN_64_TO_32_BIT_CONVERSION = YES;
				GCC_WARN_ABOUT_RETURN_TYPE = YES_ERROR;
				GCC_WARN_UNDECLARED_SELECTOR = YES;
				GCC_WARN_UNINITIALIZED_AUTOS = YES_AGGRESSIVE;
				GCC_WARN_UNUSED_FUNCTION = YES;
				GCC_WARN_UNUSED_VARIABLE = YES;
				MACOSX_DEPLOYMENT_TARGET = 10.10;
				MTL_ENABLE_DEBUG_INFO = NO;
				SDKROOT = macosx;
			};
			name = Release;
		};
		6368A1EA1AA548A000865B45 /* Debug */ = {
			isa = XCBuildConfiguration;
			buildSettings = {
				PRODUCT_NAME = "$(TARGET_NAME)";
			};
			name = Debug;
		};
		6368A1EB1AA548A000865B45 /* Release */ = {
			isa = XCBuildConfiguration;
			buildSettings = {
				PRODUCT_NAME = "$(TARGET_NAME)";
			};
			name = Release;
		};
/* End XCBuildConfiguration section */

/* Begin XCConfigurationList section */
		6368A1DD1AA548A000865B45 /* Build configuration list for PBXProject "SwiftOrbitals" */ = {
			isa = XCConfigurationList;
			buildConfigurations = (
				6368A1E71AA548A000865B45 /* Debug */,
				6368A1E81AA548A000865B45 /* Release */,
			);
			defaultConfigurationIsVisible = 0;
			defaultConfigurationName = Release;
		};
		6368A1E91AA548A000865B45 /* Build configuration list for PBXNativeTarget "SwiftOrbitals" */ = {
			isa = XCConfigurationList;
			buildConfigurations = (
				6368A1EA1AA548A000865B45 /* Debug */,
				6368A1EB1AA548A000865B45 /* Release */,
			);
			defaultConfigurationIsVisible = 0;
		};
/* End XCConfigurationList section */
	};
	rootObject = 6368A1DA1AA548A000865B45 /* Project object */;
}
